<Solution>
  <Project Path="SabakaSearch.Application/SabakaSearch.Application.csproj" />
  <Project Path="SabakaSearch.Domain/SabakaSearch.Domain.csproj" />
  <Project Path="SabakaSearch.Infrastructure/SabakaSearch.Infrastructure.csproj" />
  <Project Path="SabakaSearch.Tests/SabakaSearch.Tests.csproj" />
</Solution>
